
Microsoft Visual Studio Solution File, Format Version 12.00
# Visual Studio Version 17
VisualStudioVersion = 17.2.32630.192
MinimumVisualStudioVersion = 10.0.40219.1
Project("{FAE04EC0-301F-11D3-BF4B-00C04F79EFBC}") = "Final.PL", "Final.PL\Final.PL.csproj", "{9055899D-0046-4288-A5D9-BB7F2DB53E99}"
EndProject
Project("{FAE04EC0-301F-11D3-BF4B-00C04F79EFBC}") = "Final.DAL", "Final.DAL\Final.DAL.csproj", "{86E850FA-DA0B-4A0D-BB3F-2D919A8AF9A4}"
EndProject
Project("{FAE04EC0-301F-11D3-BF4B-00C04F79EFBC}") = "Final.BLL", "Final.BLL\Final.BLL.csproj", "{5852F949-62CA-4BFF-B34C-2BA8D88991A1}"
EndProject
Global
	GlobalSection(SolutionConfigurationPlatforms) = preSolution
		Debug|Any CPU = Debug|Any CPU
		Release|Any CPU = Release|Any CPU
	EndGlobalSection
	GlobalSection(ProjectConfigurationPlatforms) = postSolution
		{9055899D-0046-4288-A5D9-BB7F2DB53E99}.Debug|Any CPU.ActiveCfg = Debug|Any CPU
		{9055899D-0046-4288-A5D9-BB7F2DB53E99}.Debug|Any CPU.Build.0 = Debug|Any CPU
		{9055899D-0046-4288-A5D9-BB7F2DB53E99}.Release|Any CPU.ActiveCfg = Release|Any CPU
		{9055899D-0046-4288-A5D9-BB7F2DB53E99}.Release|Any CPU.Build.0 = Release|Any CPU
		{86E850FA-DA0B-4A0D-BB3F-2D919A8AF9A4}.Debug|Any CPU.ActiveCfg = Debug|Any CPU
		{86E850FA-DA0B-4A0D-BB3F-2D919A8AF9A4}.Debug|Any CPU.Build.0 = Debug|Any CPU
		{86E850FA-DA0B-4A0D-BB3F-2D919A8AF9A4}.Release|Any CPU.ActiveCfg = Release|Any CPU
		{86E850FA-DA0B-4A0D-BB3F-2D919A8AF9A4}.Release|Any CPU.Build.0 = Release|Any CPU
		{5852F949-62CA-4BFF-B34C-2BA8D88991A1}.Debug|Any CPU.ActiveCfg = Debug|Any CPU
		{5852F949-62CA-4BFF-B34C-2BA8D88991A1}.Debug|Any CPU.Build.0 = Debug|Any CPU
		{5852F949-62CA-4BFF-B34C-2BA8D88991A1}.Release|Any CPU.ActiveCfg = Release|Any CPU
		{5852F949-62CA-4BFF-B34C-2BA8D88991A1}.Release|Any CPU.Build.0 = Release|Any CPU
	EndGlobalSection
	GlobalSection(SolutionProperties) = preSolution
		HideSolutionNode = FALSE
	EndGlobalSection
	GlobalSection(ExtensibilityGlobals) = postSolution
		SolutionGuid = {5CC00146-8996-4F6B-BB74-21417F34F408}
	EndGlobalSection
EndGlobal
